{
  "name": "zapo-bot",
  "version": "1.0.0",
  "lockfileVersion": 3,
  "requires": true,
  "packages": {
    "": {
      "name": "zapo-bot",
      "version": "1.0.0",
      "dependencies": {
        "@zapo-js/store-sqlite": "latest",
        "better-sqlite3": "latest",
        "dotenv": "latest",
        "qrcode-terminal": "latest",
        "zapo-js": "latest"
      },
      "engines": {
        "node": ">=20.9.0"
      }
    },
    "node_modules/@zapo-js/store-sqlite": {
      "version": "1.3.0",
      "resolved": "https://registry.npmjs.org/@zapo-js/store-sqlite/-/store-sqlite-1.3.0.tgz",
      "integrity": "sha512-g/ZhI0NMHVTTE6htgBPouLdmxcRp691316jZTozKFiL1T4VxkfoDt9xnpCoX5+agm7R3ZT1qBct3M3zOsrcsLQ==",
      "license": "MIT",
      "engines": {
        "node": ">=20.9.0"
      },
      "peerDependencies": {
        "better-sqlite3": ">=11.0.0",
        "zapo-js": "^1.7.0"
      },
      "peerDependenciesMeta": {
        "better-sqlite3": {
          "optional": true
        }
      }
    },
    "node_modules/better-sqlite3": {
      "version": "13.0.3",
      "resolved": "https://registry.npmjs.org/better-sqlite3/-/better-sqlite3-13.0.3.tgz",
      "integrity": "sha512-RbOBxmLBG8uvFUc15X9+9SFemKcQ0WBuISBVkpuiaUB2qblC8UWlHEjdWVoZ8AdhSwmoEgsiXKfopX0CQxaACQ==",
      "license": "MIT",
      "dependencies": {
        "node-addon-api": "^8.0.0"
      },
      "engines": {
        "node": ">=22"
      }
    },
    "node_modules/dotenv": {
      "version": "18.0.6",
      "resolved": "https://registry.npmjs.org/dotenv/-/dotenv-18.0.6.tgz",
      "integrity": "sha512-ZMVmohV6CvAJtj++pZNyggluUt6hbRdQAxc2+Z635RL6/AG/ruXv5lHnybUFoxMPL/yrTL/tsF4paZu2l7RA6Q==",
      "license": "BSD-2-Clause",
      "bin": {
        "dotenv": "dist/index.cjs"
      },
      "engines": {
        "node": ">=12"
      },
      "funding": {
        "url": "https://dotenvx.com"
      }
    },
    "node_modules/node-addon-api": {
      "version": "8.9.2",
      "resolved": "https://registry.npmjs.org/node-addon-api/-/node-addon-api-8.9.2.tgz",
      "integrity": "sha512-VijLXbi3UACN69I0JVXJsX4tjACjNoQDgv2gTF6sx2wWEi8tkSg2eX8p5gSIFi8z2+DL3oHmY6OyKce38SDolg==",
      "license": "MIT",
      "engines": {
        "node": "^18 || ^20 || >= 21"
      }
    },
    "node_modules/qrcode-terminal": {
      "version": "0.12.0",
      "resolved": "https://registry.npmjs.org/qrcode-terminal/-/qrcode-terminal-0.12.0.tgz",
      "integrity": "sha512-EXtzRZmC+YGmGlDFbXKxQiMZNwCLEO6BANKXG4iCtSIM0yqc/pappSx3RIKr4r0uh5JsBckOXeKrB3Iz7mdQpQ==",
      "bin": {
        "qrcode-terminal": "bin/qrcode-terminal.js"
      }
    },
    "node_modules/zapo-js": {
      "version": "1.10.0",
      "resolved": "https://registry.npmjs.org/zapo-js/-/zapo-js-1.10.0.tgz",
      "integrity": "sha512-FV9xuzeV7KOffcqDfm3u/I8gyU5EA90wtaOyFUMUdI7/lrjt/a7WFmpHoDBHBoUFcEIkK6udhs+VHKrObPoGqQ==",
      "hasInstallScript": true,
      "license": "MIT",
      "workspaces": [
        "packages/*"
      ],
      "engines": {
        "node": ">=20.9.0"
      },
      "funding": {
        "type": "github",
        "url": "https://github.com/sponsors/vinikjkkj"
      },
      "peerDependencies": {
        "argo-codec": "^0.2.1",
        "pino": "^9.0.0",
        "pino-pretty": "^13.0.0",
        "ws": "^8.20.1"
      },
      "peerDependenciesMeta": {
        "argo-codec": {
          "optional": true
        },
        "pino": {
          "optional": true
        },
        "pino-pretty": {
          "optional": true
        },
        "ws": {
          "optional": true
        }
      }
    }
  }
}
